
Microsoft Visual Studio Solution File, Format Version 12.00
# Visual Studio Version 17
VisualStudioVersion = 17.4.32912.340
MinimumVisualStudioVersion = 10.0.40219.1
Project("{8BC9CEB8-8B4A-11D0-8D11-00A0C91BC942}") = "SimpleTiling", "SimpleTiling\SimpleTiling.vcxproj", "{5EC4B911-B553-441F-A395-3515461CC2A6}"
EndProject
Project("{8BC9CEB8-8B4A-11D0-8D11-00A0C91BC942}") = "tiling_demo_colours", "tiling_demo_colours\tiling_demo_colours.vcxproj", "{AA8CD83F-2C76-4775-9C09-71BF4FEE6D40}"
	ProjectSection(ProjectDependencies) = postProject
		{5EC4B911-B553-441F-A395-3515461CC2A6} = {5EC4B911-B553-441F-A395-3515461CC2A6}
	EndProjectSection
EndProject
Global
	GlobalSection(SolutionConfigurationPlatforms) = preSolution
		Debug|x64 = Debug|x64
		Debug|x86 = Debug|x86
		Release|x64 = Release|x64
		Release|x86 = Release|x86
	EndGlobalSection
	GlobalSection(ProjectConfigurationPlatforms) = postSolution
		{5EC4B911-B553-441F-A395-3515461CC2A6}.Debug|x64.ActiveCfg = Debug|x64
		{5EC4B911-B553-441F-A395-3515461CC2A6}.Debug|x64.Build.0 = Debug|x64
		{5EC4B911-B553-441F-A395-3515461CC2A6}.Debug|x86.ActiveCfg = Debug|Win32
		{5EC4B911-B553-441F-A395-3515461CC2A6}.Debug|x86.Build.0 = Debug|Win32
		{5EC4B911-B553-441F-A395-3515461CC2A6}.Release|x64.ActiveCfg = Release|x64
		{5EC4B911-B553-441F-A395-3515461CC2A6}.Release|x64.Build.0 = Release|x64
		{5EC4B911-B553-441F-A395-3515461CC2A6}.Release|x86.ActiveCfg = Release|Win32
		{5EC4B911-B553-441F-A395-3515461CC2A6}.Release|x86.Build.0 = Release|Win32
		{AA8CD83F-2C76-4775-9C09-71BF4FEE6D40}.Debug|x64.ActiveCfg = Debug|x64
		{AA8CD83F-2C76-4775-9C09-71BF4FEE6D40}.Debug|x64.Build.0 = Debug|x64
		{AA8CD83F-2C76-4775-9C09-71BF4FEE6D40}.Debug|x86.ActiveCfg = Debug|Win32
		{AA8CD83F-2C76-4775-9C09-71BF4FEE6D40}.Debug|x86.Build.0 = Debug|Win32
		{AA8CD83F-2C76-4775-9C09-71BF4FEE6D40}.Release|x64.ActiveCfg = Release|x64
		{AA8CD83F-2C76-4775-9C09-71BF4FEE6D40}.Release|x64.Build.0 = Release|x64
		{AA8CD83F-2C76-4775-9C09-71BF4FEE6D40}.Release|x86.ActiveCfg = Release|Win32
		{AA8CD83F-2C76-4775-9C09-71BF4FEE6D40}.Release|x86.Build.0 = Release|Win32
	EndGlobalSection
	GlobalSection(SolutionProperties) = preSolution
		HideSolutionNode = FALSE
	EndGlobalSection
	GlobalSection(ExtensibilityGlobals) = postSolution
		SolutionGuid = {41EEFE69-45D3-4CBC-97E7-74426A9987EF}
	EndGlobalSection
EndGlobal
